{
  "name": "pixel-rpg",
  "version": "0.14.0",
  "lockfileVersion": 3,
  "requires": true,
  "packages": {
    "": {
      "name": "pixel-rpg",
      "version": "0.14.0",
      "license": "MIT",
      "devDependencies": {
        "8bit-sfx": "github:cportka/8bit-sfx#973149a0312417a689b686dd54977d5aa78d7175"
      }
    },
    "node_modules/8bit-sfx": {
      "version": "0.3.0",
      "resolved": "git+ssh://git@github.com/cportka/8bit-sfx.git#973149a0312417a689b686dd54977d5aa78d7175",
      "integrity": "sha512-WCgTevBpVuYOH2k1NI7XpRntgx8139iWoO9dJOw+B1wz4kBRs9u1SPBSzpiEboHCUHWURj7pM/MjhO0/TscbWg==",
      "dev": true,
      "license": "MIT"
    }
  }
}
