{
  "name": "pixel-rpg",
  "version": "0.14.2",
  "lockfileVersion": 3,
  "requires": true,
  "packages": {
    "": {
      "name": "pixel-rpg",
      "version": "0.14.2",
      "license": "MIT",
      "devDependencies": {
        "8bit-sfx": "^0.4.1"
      }
    },
    "node_modules/8bit-sfx": {
      "version": "0.4.1",
      "resolved": "https://registry.npmjs.org/8bit-sfx/-/8bit-sfx-0.4.1.tgz",
      "integrity": "sha512-oECrZBpevX7hu/3+fomhzoNquoS1PIk5GxE0L24jMb+iBmV6MmXvW0Twl5v2bpUw7gqKcRrIUm7fPO0r/7xKiw==",
      "dev": true,
      "funding": [
        {
          "type": "github",
          "url": "https://github.com/sponsors/cportka"
        },
        {
          "type": "buy_me_a_coffee",
          "url": "https://buymeacoffee.com/chrisportka"
        },
        {
          "type": "individual",
          "url": "https://venmo.com/portka"
        }
      ],
      "license": "MIT"
    }
  }
}
