{
  "name": "pixel-rpg",
  "version": "0.14.1",
  "lockfileVersion": 3,
  "requires": true,
  "packages": {
    "": {
      "name": "pixel-rpg",
      "version": "0.14.1",
      "license": "MIT",
      "devDependencies": {
        "8bit-sfx": "github:cportka/8bit-sfx#f53a8bec594a04dede90096047779ee977821318"
      }
    },
    "node_modules/8bit-sfx": {
      "version": "0.4.0",
      "resolved": "git+ssh://git@github.com/cportka/8bit-sfx.git#f53a8bec594a04dede90096047779ee977821318",
      "integrity": "sha512-paMMsOBpxqwl1tI4njHhCH6OAvhD/2uZpc2CujSWq17ichU1PfGo06PNXiKaLV16IDMqR6OJDfeolxj3dfRBzQ==",
      "dev": true,
      "license": "MIT"
    }
  }
}
